{
  "nodes": {
    "flake-utils": {
      "locked": {
        "lastModified": 1598466101,
        "narHash": "sha256-JPhv+Ay98KMWRVRFlLEK9+eLpvNjhTBGWdFKZsE97ck=",
        "owner": "numtide",
        "repo": "flake-utils",
        "rev": "a586a6b966d59f53f45a04f8891fbc017dc09dbe",
        "type": "github"
      },
      "original": {
        "owner": "numtide",
        "repo": "flake-utils",
        "type": "github"
      }
    },
    "nixos-hardware": {
      "locked": {
        "lastModified": 1604571579,
        "narHash": "sha256-3kQmLlKOlH742cZqeFd18JaKcuOBItAY2Pf6V9Q4tx4=",
        "owner": "NixOS",
        "repo": "nixos-hardware",
        "rev": "40ade7c0349d31e9f9722c7331de3c473f65dce0",
        "type": "github"
      },
      "original": {
        "owner": "NixOS",
        "ref": "master",
        "repo": "nixos-hardware",
        "type": "github"
      }
    },
    "nixpkgs": {
      "locked": {
        "lastModified": 1603271222,
        "narHash": "sha256-S3nMa1xN/ADk2DEaZnR5Ev1HJJHYbYODXC+liuMG7No=",
        "owner": "NixOS",
        "repo": "nixpkgs",
        "rev": "5d0e2dedd5594cdf3ebbda8bc61310e227235a9c",
        "type": "github"
      },
      "original": {
        "owner": "NixOS",
        "ref": "nixos-unstable",
        "repo": "nixpkgs",
        "type": "github"
      }
    },
    "nixpkgs_2": {
      "locked": {
        "lastModified": 1602425900,
        "narHash": "sha256-Ixb5QOYXVq/vkkPdc7Yl7mk5bcYlfjTx3/vnkFr/has=",
        "owner": "nixos",
        "repo": "nixpkgs",
        "rev": "24c9b05ac53e422f1af81a156f1fd58499eb27fb",
        "type": "github"
      },
      "original": {
        "owner": "nixos",
        "ref": "nixos-unstable",
        "repo": "nixpkgs",
        "type": "github"
      }
    },
    "ny": {
      "inputs": {
        "flake-utils": "flake-utils",
        "nixpkgs": "nixpkgs_2"
      },
      "locked": {
        "lastModified": 1605630656,
        "narHash": "sha256-8YimL6iLViAMMJGzMplDjDFugeXcSDxYYeghl2bpmE8=",
        "ref": "main",
        "rev": "9df2a2fbf2414ac4d474d888dcefbfb4bed200b9",
        "revCount": 64,
        "type": "git",
        "url": "ssh://git@git.nyris.io:10022/nyris/ny"
      },
      "original": {
        "ref": "main",
        "type": "git",
        "url": "ssh://git@git.nyris.io:10022/nyris/ny"
      }
    },
    "root": {
      "inputs": {
        "nixos-hardware": "nixos-hardware",
        "nixpkgs": "nixpkgs",
        "ny": "ny"
      }
    }
  },
  "root": "root",
  "version": 7
}
