{
  "nodes": {
    "crane": {
      "locked": {
        "lastModified": 1772080396,
        "narHash": "sha256-84W9UNtSk9DNMh43WBkOjpkbfODlmg+RDi854PnNgLE=",
        "owner": "ipetkov",
        "repo": "crane",
        "rev": "8525580bc0316c39dbfa18bd09a1331e98c9e463",
        "type": "github"
      },
      "original": {
        "owner": "ipetkov",
        "repo": "crane",
        "type": "github"
      }
    },
    "flake-utils": {
      "inputs": {
        "systems": "systems"
      },
      "locked": {
        "lastModified": 1731533236,
        "narHash": "sha256-l0KFg5HjrsfsO/JpG+r7fRrqm12kzFHyUHqHCVpMMbI=",
        "owner": "numtide",
        "repo": "flake-utils",
        "rev": "11707dc2f618dd54ca8739b309ec4fc024de578b",
        "type": "github"
      },
      "original": {
        "owner": "numtide",
        "repo": "flake-utils",
        "type": "github"
      }
    },
    "helix": {
      "inputs": {
        "nixpkgs": "nixpkgs",
        "rust-overlay": "rust-overlay"
      },
      "locked": {
        "lastModified": 1778551011,
        "narHash": "sha256-woJV7tJwwzjR0xWDNuGpwMENe/OEMAdSGg+nqWs9tUE=",
        "owner": "helix-editor",
        "repo": "helix",
        "rev": "8c41b11607924f7584b77c8a6e6b16439a2f559f",
        "type": "github"
      },
      "original": {
        "owner": "helix-editor",
        "repo": "helix",
        "type": "github"
      }
    },
    "nixos-hardware": {
      "locked": {
        "lastModified": 1779258371,
        "narHash": "sha256-j1iZsLy6oFApqR1oiDmHhvkwxXqcNi0aoSJj643LuwU=",
        "owner": "NixOS",
        "repo": "nixos-hardware",
        "rev": "c97bc4d15bd3473dd095e8e8ba57330ab1943a77",
        "type": "github"
      },
      "original": {
        "owner": "NixOS",
        "ref": "master",
        "repo": "nixos-hardware",
        "type": "github"
      }
    },
    "nixpkgs": {
      "locked": {
        "lastModified": 1775036866,
        "narHash": "sha256-ZojAnPuCdy657PbTq5V0Y+AHKhZAIwSIT2cb8UgAz/U=",
        "owner": "nixos",
        "repo": "nixpkgs",
        "rev": "6201e203d09599479a3b3450ed24fa81537ebc4e",
        "type": "github"
      },
      "original": {
        "owner": "nixos",
        "ref": "nixos-unstable",
        "repo": "nixpkgs",
        "type": "github"
      }
    },
    "nixpkgs-patcher": {
      "locked": {
        "lastModified": 1779142267,
        "narHash": "sha256-ozaE7fp0HQ6MCVKz09p2mwSrt8cwpswYOBQc1Oa2Wk4=",
        "owner": "gepbird",
        "repo": "nixpkgs-patcher",
        "rev": "1035997b647799694e4ac1cf217e7ee1c050bce0",
        "type": "github"
      },
      "original": {
        "owner": "gepbird",
        "repo": "nixpkgs-patcher",
        "type": "github"
      }
    },
    "nixpkgs_2": {
      "locked": {
        "lastModified": 1778869304,
        "narHash": "sha256-30sZNZoA1cqF5JNO9fVX+wgiQYjB7HJqqJ4ztCDeBZE=",
        "owner": "NixOS",
        "repo": "nixpkgs",
        "rev": "d233902339c02a9c334e7e593de68855ad26c4cb",
        "type": "github"
      },
      "original": {
        "owner": "NixOS",
        "ref": "nixos-unstable",
        "repo": "nixpkgs",
        "type": "github"
      }
    },
    "nixpkgs_3": {
      "locked": {
        "lastModified": 1772173633,
        "narHash": "sha256-MOH58F4AIbCkh6qlQcwMycyk5SWvsqnS/TCfnqDlpj4=",
        "owner": "NixOS",
        "repo": "nixpkgs",
        "rev": "c0f3d81a7ddbc2b1332be0d8481a672b4f6004d6",
        "type": "github"
      },
      "original": {
        "owner": "NixOS",
        "ref": "nixpkgs-unstable",
        "repo": "nixpkgs",
        "type": "github"
      }
    },
    "root": {
      "inputs": {
        "helix": "helix",
        "nixos-hardware": "nixos-hardware",
        "nixpkgs": "nixpkgs_2",
        "nixpkgs-patcher": "nixpkgs-patcher",
        "vibepanel": "vibepanel"
      }
    },
    "rust-overlay": {
      "inputs": {
        "nixpkgs": [
          "helix",
          "nixpkgs"
        ]
      },
      "locked": {
        "lastModified": 1775358767,
        "narHash": "sha256-f2eC+WIfhjevCPQILuV08i/kmKZzYZpUvkom/33VxCA=",
        "owner": "oxalica",
        "repo": "rust-overlay",
        "rev": "20fd44bc663daa53a2575e01293e24e681d62244",
        "type": "github"
      },
      "original": {
        "owner": "oxalica",
        "repo": "rust-overlay",
        "type": "github"
      }
    },
    "rust-overlay_2": {
      "inputs": {
        "nixpkgs": [
          "vibepanel",
          "nixpkgs"
        ]
      },
      "locked": {
        "lastModified": 1772334676,
        "narHash": "sha256-Jrc0J3AH+iNJDlUze3+FJZv2R0BZnhANFnD52V4kyvI=",
        "owner": "oxalica",
        "repo": "rust-overlay",
        "rev": "9879be11f30fd3bbf848e653a7f991549e8973b5",
        "type": "github"
      },
      "original": {
        "owner": "oxalica",
        "repo": "rust-overlay",
        "type": "github"
      }
    },
    "systems": {
      "locked": {
        "lastModified": 1681028828,
        "narHash": "sha256-Vy1rq5AaRuLzOxct8nz4T6wlgyUR7zLU309k9mBC768=",
        "owner": "nix-systems",
        "repo": "default",
        "rev": "da67096a3b9bf56a91d16901293e51ba5b49a27e",
        "type": "github"
      },
      "original": {
        "owner": "nix-systems",
        "repo": "default",
        "type": "github"
      }
    },
    "vibepanel": {
      "inputs": {
        "crane": "crane",
        "flake-utils": "flake-utils",
        "nixpkgs": "nixpkgs_3",
        "rust-overlay": "rust-overlay_2"
      },
      "locked": {
        "lastModified": 1779380617,
        "narHash": "sha256-mO3PK68MZ6mSoJfa3I+eGqcWeq1LMQq/sUTe/QhaNDg=",
        "owner": "prankstr",
        "repo": "vibepanel",
        "rev": "6a99fac57a6432ae34616b8df4d339ada0632d7b",
        "type": "github"
      },
      "original": {
        "owner": "prankstr",
        "repo": "vibepanel",
        "type": "github"
      }
    }
  },
  "root": "root",
  "version": 7
}
